<?xml version="1.0" encoding="utf-8"?>
<Project ToolsVersion="4.0" xmlns="http://schemas.microsoft.com/developer/msbuild/2003">
  <ItemGroup>
    <Filter Include="component">
      <UniqueIdentifier>{b2e45854-1001-4123-9d90-9609cca35ed0}</UniqueIdentifier>
    </Filter>
    <Filter Include="dataset">
      <UniqueIdentifier>{fb5939b0-6fe4-4262-adbb-bd4ca892873e}</UniqueIdentifier>
    </Filter>
    <Filter Include="script">
      <UniqueIdentifier>{38cdd3aa-1a75-48a7-bc45-e53ab1be8ac1}</UniqueIdentifier>
    </Filter>
    <Filter Include="view">
      <UniqueIdentifier>{810705db-a6f2-4b64-b4ae-58b258fb5312}</UniqueIdentifier>
    </Filter>
    <Filter Include="editor">
      <UniqueIdentifier>{d1e6efea-ec30-4e2a-b5e0-3684be2213c2}</UniqueIdentifier>
    </Filter>
    <Filter Include="gui">
      <UniqueIdentifier>{8ad78659-c4bd-4b6d-9714-987edae39897}</UniqueIdentifier>
    </Filter>
    <Filter Include="dataset\node">
      <UniqueIdentifier>{a4cfa348-df36-4760-8020-f31f42c7c87d}</UniqueIdentifier>
    </Filter>
    <Filter Include="node">
      <UniqueIdentifier>{7a72a331-dfae-4a5a-9325-b582ab404ded}</UniqueIdentifier>
    </Filter>
    <Filter Include="editor\aop">
      <UniqueIdentifier>{30593747-2b05-4afd-bd14-1abf524e15f6}</UniqueIdentifier>
    </Filter>
    <Filter Include="editor\sub">
      <UniqueIdentifier>{44531115-7d09-4003-ac03-6c05ccf5c365}</UniqueIdentifier>
    </Filter>
    <Filter Include="tools">
      <UniqueIdentifier>{cb748614-6880-4383-a692-606d8d633b95}</UniqueIdentifier>
    </Filter>
    <Filter Include="node\function">
      <UniqueIdentifier>{c49e968b-77f4-45b5-903f-2bab2b673feb}</UniqueIdentifier>
    </Filter>
    <Filter Include="node\tools">
      <UniqueIdentifier>{a06117ee-80f7-4532-bf6f-5d6bd95c5a0e}</UniqueIdentifier>
    </Filter>
    <Filter Include="node\logical">
      <UniqueIdentifier>{29d7e3ce-83d9-4e3d-9c34-9da6c8b0c37c}</UniqueIdentifier>
    </Filter>
    <Filter Include="node\tools\reference">
      <UniqueIdentifier>{a1590805-6b46-4866-998b-2c4a29335765}</UniqueIdentifier>
    </Filter>
    <Filter Include="node\tools\value">
      <UniqueIdentifier>{0349afea-3a81-4201-81a2-d3b0e2c57266}</UniqueIdentifier>
    </Filter>
    <Filter Include="node\math">
      <UniqueIdentifier>{4b13299b-98a5-4402-a135-7109d6d30f6d}</UniqueIdentifier>
    </Filter>
    <Filter Include="node\math\channel">
      <UniqueIdentifier>{9751c0fd-e4be-4151-8419-5217fe8bbbd3}</UniqueIdentifier>
    </Filter>
    <Filter Include="node\math\op">
      <UniqueIdentifier>{8c459f57-8f7a-48c7-96fb-8106ab2ba985}</UniqueIdentifier>
    </Filter>
  </ItemGroup>
  <ItemGroup>
    <ClCompile Include="..\..\..\source\CompNode.cpp">
      <Filter>component</Filter>
    </ClCompile>
    <ClCompile Include="..\..\..\source\wrap_Blueprint.cpp">
      <Filter>script</Filter>
    </ClCompile>
    <ClCompile Include="..\..\..\source\Blueprint.cpp" />
    <ClCompile Include="..\..\..\source\RenderSystem.cpp">
      <Filter>view</Filter>
    </ClCompile>
    <ClCompile Include="..\..\..\source\NodeLayout.cpp">
      <Filter>view</Filter>
    </ClCompile>
    <ClCompile Include="..\..\..\source\Connecting.cpp">
      <Filter>dataset</Filter>
    </ClCompile>
    <ClCompile Include="..\..\..\source\WxCreateNodeDlg.cpp">
      <Filter>gui</Filter>
    </ClCompile>
    <ClCompile Include="..\..\..\source\NSCompNode.cpp">
      <Filter>component</Filter>
    </ClCompile>
    <ClCompile Include="..\..\..\source\Node.cpp">
      <Filter>dataset\node</Filter>
    </ClCompile>
    <ClCompile Include="..\..\..\source\NodeBuilder.cpp">
      <Filter>dataset\node</Filter>
    </ClCompile>
    <ClCompile Include="..\..\..\source\RegistRTTR.cpp" />
    <ClCompile Include="..\..\..\source\DisconnectConnAO.cpp">
      <Filter>editor\aop</Filter>
    </ClCompile>
    <ClCompile Include="..\..\..\source\ArrangeNodeOP.cpp">
      <Filter>editor</Filter>
    </ClCompile>
    <ClCompile Include="..\..\..\source\TranslateNodeState.cpp">
      <Filter>editor\sub</Filter>
    </ClCompile>
    <ClCompile Include="..\..\..\source\NodeSelectOP.cpp">
      <Filter>editor</Filter>
    </ClCompile>
    <ClCompile Include="..\..\..\source\CommentaryNodeHelper.cpp">
      <Filter>tools</Filter>
    </ClCompile>
    <ClCompile Include="..\..\..\source\node\Commentary.cpp">
      <Filter>node\tools</Filter>
    </ClCompile>
    <ClCompile Include="..\..\..\source\node\Input.cpp">
      <Filter>node\function</Filter>
    </ClCompile>
    <ClCompile Include="..\..\..\source\node\Output.cpp">
      <Filter>node\function</Filter>
    </ClCompile>
    <ClCompile Include="..\..\..\source\node\Function.cpp">
      <Filter>node\function</Filter>
    </ClCompile>
    <ClCompile Include="..\..\..\source\NodeHelper.cpp">
      <Filter>dataset\node</Filter>
    </ClCompile>
    <ClCompile Include="..\..\..\source\Pin.cpp">
      <Filter>dataset</Filter>
    </ClCompile>
    <ClCompile Include="..\..\..\source\ConnectPinOP.cpp">
      <Filter>editor</Filter>
    </ClCompile>
    <ClCompile Include="..\..\..\source\ConnectPinAO.cpp">
      <Filter>editor\aop</Filter>
    </ClCompile>
    <ClCompile Include="..\..\..\source\Evaluator.cpp">
      <Filter>tools</Filter>
    </ClCompile>
  </ItemGroup>
  <ItemGroup>
    <ClInclude Include="..\..\..\include\blueprint\CompNode.h">
      <Filter>component</Filter>
    </ClInclude>
    <ClInclude Include="..\..\..\include\blueprint\Blueprint.h" />
    <ClInclude Include="..\..\..\include\blueprint\RenderSystem.h">
      <Filter>view</Filter>
    </ClInclude>
    <ClInclude Include="..\..\..\include\blueprint\NodeLayout.h">
      <Filter>view</Filter>
    </ClInclude>
    <ClInclude Include="..\..\..\include\blueprint\Connecting.h">
      <Filter>dataset</Filter>
    </ClInclude>
    <ClInclude Include="..\..\..\include\blueprint\WxCreateNodeDlg.h">
      <Filter>gui</Filter>
    </ClInclude>
    <ClInclude Include="..\..\..\include\blueprint\MessageID.h" />
    <ClInclude Include="..\..\..\include\blueprint\NSCompNode.h">
      <Filter>component</Filter>
    </ClInclude>
    <ClInclude Include="..\..\..\include\blueprint\typedef.h" />
    <ClInclude Include="..\..\..\include\blueprint\Node.h">
      <Filter>dataset\node</Filter>
    </ClInclude>
    <ClInclude Include="..\..\..\include\blueprint\NodeBuilder.h">
      <Filter>dataset\node</Filter>
    </ClInclude>
    <ClInclude Include="..\..\..\include\blueprint\NodeHelper.h">
      <Filter>dataset\node</Filter>
    </ClInclude>
    <ClInclude Include="..\..\..\include\blueprint\EventBeginPlay.h">
      <Filter>node</Filter>
    </ClInclude>
    <ClInclude Include="..\..\..\include\blueprint\FlowCtrlBranch.h">
      <Filter>node</Filter>
    </ClInclude>
    <ClInclude Include="..\..\..\include\blueprint\DisconnectConnAO.h">
      <Filter>editor\aop</Filter>
    </ClInclude>
    <ClInclude Include="..\..\..\include\blueprint\ArrangeNodeOP.h">
      <Filter>editor</Filter>
    </ClInclude>
    <ClInclude Include="..\..\..\include\blueprint\TranslateNodeState.h">
      <Filter>editor\sub</Filter>
    </ClInclude>
    <ClInclude Include="..\..\..\include\blueprint\NodeSelectOP.h">
      <Filter>editor</Filter>
    </ClInclude>
    <ClInclude Include="..\..\..\include\blueprint\NodeStyle.h">
      <Filter>dataset\node</Filter>
    </ClInclude>
    <ClInclude Include="..\..\..\include\blueprint\CommentaryNodeHelper.h">
      <Filter>tools</Filter>
    </ClInclude>
    <ClInclude Include="..\..\..\include\blueprint\node\Input.h">
      <Filter>node\function</Filter>
    </ClInclude>
    <ClInclude Include="..\..\..\include\blueprint\node\Output.h">
      <Filter>node\function</Filter>
    </ClInclude>
    <ClInclude Include="..\..\..\include\blueprint\node\Function.h">
      <Filter>node\function</Filter>
    </ClInclude>
    <ClInclude Include="..\..\..\include\blueprint\node\Commentary.h">
      <Filter>node\tools</Filter>
    </ClInclude>
    <ClInclude Include="..\..\..\include\blueprint\node\Switch.h">
      <Filter>node\logical</Filter>
    </ClInclude>
    <ClInclude Include="..\..\..\include\blueprint\node\CompareLess.h">
      <Filter>node\logical</Filter>
    </ClInclude>
    <ClInclude Include="..\..\..\include\blueprint\node\Proxy.h">
      <Filter>node\tools</Filter>
    </ClInclude>
    <ClInclude Include="..\..\..\include\blueprint\node\CompareEqual.h">
      <Filter>node\logical</Filter>
    </ClInclude>
    <ClInclude Include="..\..\..\include\blueprint\node\CompareGreater.h">
      <Filter>node\logical</Filter>
    </ClInclude>
    <ClInclude Include="..\..\..\include\blueprint\node\GetReference.h">
      <Filter>node\tools\reference</Filter>
    </ClInclude>
    <ClInclude Include="..\..\..\include\blueprint\node\SetReference.h">
      <Filter>node\tools\reference</Filter>
    </ClInclude>
    <ClInclude Include="..\..\..\include\blueprint\node\GetValue.h">
      <Filter>node\tools\value</Filter>
    </ClInclude>
    <ClInclude Include="..\..\..\include\blueprint\node\SetValue.h">
      <Filter>node\tools\value</Filter>
    </ClInclude>
    <ClInclude Include="..\..\..\include\blueprint\node\Hub.h">
      <Filter>node\tools</Filter>
    </ClInclude>
    <ClInclude Include="..\..\..\include\blueprint\node\SwitchMulti.h">
      <Filter>node\logical</Filter>
    </ClInclude>
    <ClInclude Include="..\..\..\include\blueprint\node\CompareNotEqual.h">
      <Filter>node\logical</Filter>
    </ClInclude>
    <ClInclude Include="..\..\..\include\blueprint\Pin.h">
      <Filter>dataset</Filter>
    </ClInclude>
    <ClInclude Include="..\..\..\include\blueprint\ConnectPinOP.h">
      <Filter>editor</Filter>
    </ClInclude>
    <ClInclude Include="..\..\..\include\blueprint\ConnectPinAO.h">
      <Filter>editor\aop</Filter>
    </ClInclude>
    <ClInclude Include="..\..\..\include\blueprint\node\Vector1.h">
      <Filter>node\math</Filter>
    </ClInclude>
    <ClInclude Include="..\..\..\include\blueprint\node\Boolean.h">
      <Filter>node\math</Filter>
    </ClInclude>
    <ClInclude Include="..\..\..\include\blueprint\node\Vector2.h">
      <Filter>node\math</Filter>
    </ClInclude>
    <ClInclude Include="..\..\..\include\blueprint\node\Vector3.h">
      <Filter>node\math</Filter>
    </ClInclude>
    <ClInclude Include="..\..\..\include\blueprint\node\Vector4.h">
      <Filter>node\math</Filter>
    </ClInclude>
    <ClInclude Include="..\..\..\include\blueprint\node\Combine.h">
      <Filter>node\math\channel</Filter>
    </ClInclude>
    <ClInclude Include="..\..\..\include\blueprint\node\Split.h">
      <Filter>node\math\channel</Filter>
    </ClInclude>
    <ClInclude Include="..\..\..\include\blueprint\node\Abs.h">
      <Filter>node\math\op</Filter>
    </ClInclude>
    <ClInclude Include="..\..\..\include\blueprint\node\Add.h">
      <Filter>node\math\op</Filter>
    </ClInclude>
    <ClInclude Include="..\..\..\include\blueprint\node\Divide.h">
      <Filter>node\math\op</Filter>
    </ClInclude>
    <ClInclude Include="..\..\..\include\blueprint\node\Multiply.h">
      <Filter>node\math\op</Filter>
    </ClInclude>
    <ClInclude Include="..\..\..\include\blueprint\node\Subtract.h">
      <Filter>node\math\op</Filter>
    </ClInclude>
    <ClInclude Include="..\..\..\include\blueprint\Evaluator.h">
      <Filter>tools</Filter>
    </ClInclude>
    <ClInclude Include="..\..\..\include\blueprint\node\Negate.h">
      <Filter>node\math\op</Filter>
    </ClInclude>
  </ItemGroup>
  <ItemGroup>
    <None Include="..\..\..\include\blueprint\NodeHelper.inl">
      <Filter>dataset\node</Filter>
    </None>
    <None Include="..\..\..\include\blueprint\node\Function.inl">
      <Filter>node\function</Filter>
    </None>
  </ItemGroup>
</Project>